<Solution>
  <Configurations>
    <Platform Name="ARM64" />
    <Platform Name="x64" />
    <Platform Name="x86" />
  </Configurations>
  <Project Path="Authenticator/Authenticator/Authenticator.vcxproj" Id="3509ecb4-d81e-4a2f-9797-d7be308d281b" />
  <Project Path="Authenticator/Package/Package.wapproj" Type="c7167f0d-bc9f-4e6e-afe1-012c56b48db5">
    <Deploy />
  </Project>
</Solution>
